{
  "name": "Hackathon-2",
  "lockfileVersion": 3,
  "requires": true,
  "packages": {
    "": {
      "dependencies": {
        "@openai/chatkit": "^1.6.0"
      }
    },
    "node_modules/@openai/chatkit": {
      "version": "1.6.0",
      "resolved": "https://registry.npmjs.org/@openai/chatkit/-/chatkit-1.6.0.tgz",
      "integrity": "sha512-lV19ocIYI7EPvP4ZpKNOtoJFmZpyf4DB5472rRd6ua7TE22ENEy0Vbi4OSCJzSD8hBa/v6KyF77qxIV7I1paAg==",
      "license": "MIT"
    }
  }
}
