# This file is autogenerated by uv.
# Do not edit this file directly.

[project]
name = "todo-cli"
version = "0.1.0"
requires-python = ">=3.13"

[package]
[package.setuptools]
version = "75.6.0"
source = { registry = "https://pypi.org/simple" }
[package.wheel]
version = "0.45.1"
source = { registry = "https://pypi.org/simple" }
